// !$*UTF8*$!
{
	archiveVersion = 1;
	classes = {
	};
	objectVersion = 46;
	objects = {

/* Begin PBXBuildFile section */
		40B9A61D1A9524070062C693 /* MogKit.h in Headers */ = {isa = PBXBuildFile; fileRef = 40B9A61C1A9524070062C693 /* MogKit.h */; };
		40B9A6251A9524070062C693 /* libMogKit.a in Frameworks */ = {isa = PBXBuildFile; fileRef = 40B9A6191A9524070062C693 /* libMogKit.a */; };
		40B9A6341A95241C0062C693 /* MogKitTests.m in Sources */ = {isa = PBXBuildFile; fileRef = 40B9A6331A95241C0062C693 /* MogKitTests.m */; };
		6313D2B5BF0106865159DF6B /* MogTransduce.h in Headers */ = {isa = PBXBuildFile; fileRef = 6313DCDA3FCA4C65D52CD514 /* MogTransduce.h */; };
		6313D65BD3933D03436CB52A /* MogReduce.m in Sources */ = {isa = PBXBuildFile; fileRef = 6313D4F60D39DC6032BEF249 /* MogReduce.m */; };
		6313D712E40D08B9C9CB36BB /* MogReduce.h in Headers */ = {isa = PBXBuildFile; fileRef = 6313D6FC822B6EB4294F42B4 /* MogReduce.h */; };
		6313DA623F53E34D1C7B7A5C /* MogKitPerfTests.m in Sources */ = {isa = PBXBuildFile; fileRef = 6313DAE43FF93B90D20954BC /* MogKitPerfTests.m */; };
		6313DBC0B3E097428A752DEB /* MogTransduce.m in Sources */ = {isa = PBXBuildFile; fileRef = 6313D18DDF2E3A5ED92D8280 /* MogTransduce.m */; };
/* End PBXBuildFile section */

/* Begin PBXContainerItemProxy section */
		40B9A6261A9524070062C693 /* PBXContainerItemProxy */ = {
			isa = PBXContainerItemProxy;
			containerPortal = 40B9A6111A9524070062C693 /* Project object */;
			proxyType = 1;
			remoteGlobalIDString = 40B9A6181A9524070062C693;
			remoteInfo = TransformationKit;
		};
/* End PBXContainerItemProxy section */

/* Begin PBXFileReference section */
		40B9A6191A9524070062C693 /* libMogKit.a */ = {isa = PBXFileReference; explicitFileType = archive.ar; includeInIndex = 0; path = libMogKit.a; sourceTree = BUILT_PRODUCTS_DIR; };
		40B9A61C1A9524070062C693 /* MogKit.h */ = {isa = PBXFileReference; lastKnownFileType = sourcecode.c.h; path = MogKit.h; sourceTree = "<group>"; };
		40B9A6241A9524070062C693 /* MogKitTests.xctest */ = {isa = PBXFileReference; explicitFileType = wrapper.cfbundle; includeInIndex = 0; path = MogKitTests.xctest; sourceTree = BUILT_PRODUCTS_DIR; };
		40B9A62A1A9524070062C693 /* Info.plist */ = {isa = PBXFileReference; lastKnownFileType = text.plist.xml; path = Info.plist; sourceTree = "<group>"; };
		40B9A6331A95241C0062C693 /* MogKitTests.m */ = {isa = PBXFileReference; fileEncoding = 4; lastKnownFileType = sourcecode.c.objc; path = MogKitTests.m; sourceTree = "<group>"; };
		6313D18DDF2E3A5ED92D8280 /* MogTransduce.m */ = {isa = PBXFileReference; fileEncoding = 4; lastKnownFileType = sourcecode.c.objc; path = MogTransduce.m; sourceTree = "<group>"; };
		6313D4F60D39DC6032BEF249 /* MogReduce.m */ = {isa = PBXFileReference; fileEncoding = 4; lastKnownFileType = sourcecode.c.objc; path = MogReduce.m; sourceTree = "<group>"; };
		6313D6FC822B6EB4294F42B4 /* MogReduce.h */ = {isa = PBXFileReference; fileEncoding = 4; lastKnownFileType = sourcecode.c.h; path = MogReduce.h; sourceTree = "<group>"; };
		6313DAE43FF93B90D20954BC /* MogKitPerfTests.m */ = {isa = PBXFileReference; fileEncoding = 4; lastKnownFileType = sourcecode.c.objc; path = MogKitPerfTests.m; sourceTree = "<group>"; };
		6313DCDA3FCA4C65D52CD514 /* MogTransduce.h */ = {isa = PBXFileReference; fileEncoding = 4; lastKnownFileType = sourcecode.c.h; path = MogTransduce.h; sourceTree = "<group>"; };
/* End PBXFileReference section */

/* Begin PBXFrameworksBuildPhase section */
		40B9A6161A9524070062C693 /* Frameworks */ = {
			isa = PBXFrameworksBuildPhase;
			buildActionMask = 2147483647;
			files = (
			);
			runOnlyForDeploymentPostprocessing = 0;
		};
		40B9A6211A9524070062C693 /* Frameworks */ = {
			isa = PBXFrameworksBuildPhase;
			buildActionMask = 2147483647;
			files = (
				40B9A6251A9524070062C693 /* libMogKit.a in Frameworks */,
			);
			runOnlyForDeploymentPostprocessing = 0;
		};
/* End PBXFrameworksBuildPhase section */

/* Begin PBXGroup section */
		40B9A6101A9524070062C693 = {
			isa = PBXGroup;
			children = (
				40B9A61B1A9524070062C693 /* MogKit */,
				40B9A6281A9524070062C693 /* MogKitTests */,
				40B9A61A1A9524070062C693 /* Products */,
			);
			sourceTree = "<group>";
		};
		40B9A61A1A9524070062C693 /* Products */ = {
			isa = PBXGroup;
			children = (
				40B9A6191A9524070062C693 /* libMogKit.a */,
				40B9A6241A9524070062C693 /* MogKitTests.xctest */,
			);
			name = Products;
			sourceTree = "<group>";
		};
		40B9A61B1A9524070062C693 /* MogKit */ = {
			isa = PBXGroup;
			children = (
				40B9A61C1A9524070062C693 /* MogKit.h */,
				6313DCDA3FCA4C65D52CD514 /* MogTransduce.h */,
				6313D18DDF2E3A5ED92D8280 /* MogTransduce.m */,
				6313D6FC822B6EB4294F42B4 /* MogReduce.h */,
				6313D4F60D39DC6032BEF249 /* MogReduce.m */,
			);
			path = MogKit;
			sourceTree = "<group>";
		};
		40B9A6281A9524070062C693 /* MogKitTests */ = {
			isa = PBXGroup;
			children = (
				40B9A6291A9524070062C693 /* Supporting Files */,
				40B9A6331A95241C0062C693 /* MogKitTests.m */,
				6313DAE43FF93B90D20954BC /* MogKitPerfTests.m */,
			);
			path = MogKitTests;
			sourceTree = "<group>";
		};
		40B9A6291A9524070062C693 /* Supporting Files */ = {
			isa = PBXGroup;
			children = (
				40B9A62A1A9524070062C693 /* Info.plist */,
			);
			name = "Supporting Files";
			sourceTree = "<group>";
		};
/* End PBXGroup section */

/* Begin PBXHeadersBuildPhase section */
		40B9A6171A9524070062C693 /* Headers */ = {
			isa = PBXHeadersBuildPhase;
			buildActionMask = 2147483647;
			files = (
				40B9A61D1A9524070062C693 /* MogKit.h in Headers */,
				6313D2B5BF0106865159DF6B /* MogTransduce.h in Headers */,
				6313D712E40D08B9C9CB36BB /* MogReduce.h in Headers */,
			);
			runOnlyForDeploymentPostprocessing = 0;
		};
/* End PBXHeadersBuildPhase section */

/* Begin PBXNativeTarget section */
		40B9A6181A9524070062C693 /* MogKit */ = {
			isa = PBXNativeTarget;
			buildConfigurationList = 40B9A62D1A9524070062C693 /* Build configuration list for PBXNativeTarget "MogKit" */;
			buildPhases = (
				40B9A6151A9524070062C693 /* Sources */,
				40B9A6161A9524070062C693 /* Frameworks */,
				40B9A6171A9524070062C693 /* Headers */,
			);
			buildRules = (
			);
			dependencies = (
			);
			name = MogKit;
			productName = TransformationKit;
			productReference = 40B9A6191A9524070062C693 /* libMogKit.a */;
			productType = "com.apple.product-type.library.static";
		};
		40B9A6231A9524070062C693 /* MogKitTests */ = {
			isa = PBXNativeTarget;
			buildConfigurationList = 40B9A6301A9524070062C693 /* Build configuration list for PBXNativeTarget "MogKitTests" */;
			buildPhases = (
				40B9A6201A9524070062C693 /* Sources */,
				40B9A6211A9524070062C693 /* Frameworks */,
				40B9A6221A9524070062C693 /* Resources */,
			);
			buildRules = (
			);
			dependencies = (
				40B9A6271A9524070062C693 /* PBXTargetDependency */,
			);
			name = MogKitTests;
			productName = TransformationKitTests;
			productReference = 40B9A6241A9524070062C693 /* MogKitTests.xctest */;
			productType = "com.apple.product-type.bundle.unit-test";
		};
/* End PBXNativeTarget section */

/* Begin PBXProject section */
		40B9A6111A9524070062C693 /* Project object */ = {
			isa = PBXProject;
			attributes = {
				LastUpgradeCheck = 0610;
				ORGANIZATIONNAME = "Mikael Hallendal";
				TargetAttributes = {
					40B9A6181A9524070062C693 = {
						CreatedOnToolsVersion = 6.1.1;
					};
					40B9A6231A9524070062C693 = {
						CreatedOnToolsVersion = 6.1.1;
					};
				};
			};
			buildConfigurationList = 40B9A6141A9524070062C693 /* Build configuration list for PBXProject "MogKit" */;
			compatibilityVersion = "Xcode 3.2";
			developmentRegion = English;
			hasScannedForEncodings = 0;
			knownRegions = (
				en,
			);
			mainGroup = 40B9A6101A9524070062C693;
			productRefGroup = 40B9A61A1A9524070062C693 /* Products */;
			projectDirPath = "";
			projectRoot = "";
			targets = (
				40B9A6181A9524070062C693 /* MogKit */,
				40B9A6231A9524070062C693 /* MogKitTests */,
			);
		};
/* End PBXProject section */

/* Begin PBXResourcesBuildPhase section */
		40B9A6221A9524070062C693 /* Resources */ = {
			isa = PBXResourcesBuildPhase;
			buildActionMask = 2147483647;
			files = (
			);
			runOnlyForDeploymentPostprocessing = 0;
		};
/* End PBXResourcesBuildPhase section */

/* Begin PBXSourcesBuildPhase section */
		40B9A6151A9524070062C693 /* Sources */ = {
			isa = PBXSourcesBuildPhase;
			buildActionMask = 2147483647;
			files = (
				6313DBC0B3E097428A752DEB /* MogTransduce.m in Sources */,
				6313D65BD3933D03436CB52A /* MogReduce.m in Sources */,
			);
			runOnlyForDeploymentPostprocessing = 0;
		};
		40B9A6201A9524070062C693 /* Sources */ = {
			isa = PBXSourcesBuildPhase;
			buildActionMask = 2147483647;
			files = (
				40B9A6341A95241C0062C693 /* MogKitTests.m in Sources */,
				6313DA623F53E34D1C7B7A5C /* MogKitPerfTests.m in Sources */,
			);
			runOnlyForDeploymentPostprocessing = 0;
		};
/* End PBXSourcesBuildPhase section */

/* Begin PBXTargetDependency section */
		40B9A6271A9524070062C693 /* PBXTargetDependency */ = {
			isa = PBXTargetDependency;
			target = 40B9A6181A9524070062C693 /* MogKit */;
			targetProxy = 40B9A6261A9524070062C693 /* PBXContainerItemProxy */;
		};
/* End PBXTargetDependency section */

/* Begin XCBuildConfiguration section */
		40B9A62B1A9524070062C693 /* Debug */ = {
			isa = XCBuildConfiguration;
			buildSettings = {
				ALWAYS_SEARCH_USER_PATHS = NO;
				CLANG_CXX_LANGUAGE_STANDARD = "gnu++0x";
				CLANG_CXX_LIBRARY = "libc++";
				CLANG_ENABLE_MODULES = YES;
				CLANG_ENABLE_OBJC_ARC = YES;
				CLANG_WARN_BOOL_CONVERSION = YES;
				CLANG_WARN_CONSTANT_CONVERSION = YES;
				CLANG_WARN_DIRECT_OBJC_ISA_USAGE = YES_ERROR;
				CLANG_WARN_EMPTY_BODY = YES;
				CLANG_WARN_ENUM_CONVERSION = YES;
				CLANG_WARN_INT_CONVERSION = YES;
				CLANG_WARN_OBJC_ROOT_CLASS = YES_ERROR;
				CLANG_WARN_UNREACHABLE_CODE = YES;
				CLANG_WARN__DUPLICATE_METHOD_MATCH = YES;
				COPY_PHASE_STRIP = NO;
				ENABLE_STRICT_OBJC_MSGSEND = YES;
				GCC_C_LANGUAGE_STANDARD = gnu99;
				GCC_DYNAMIC_NO_PIC = NO;
				GCC_OPTIMIZATION_LEVEL = 0;
				GCC_PREPROCESSOR_DEFINITIONS = (
					"DEBUG=1",
					"$(inherited)",
				);
				GCC_SYMBOLS_PRIVATE_EXTERN = NO;
				GCC_WARN_64_TO_32_BIT_CONVERSION = YES;
				GCC_WARN_ABOUT_RETURN_TYPE = YES_ERROR;
				GCC_WARN_UNDECLARED_SELECTOR = YES;
				GCC_WARN_UNINITIALIZED_AUTOS = YES_AGGRESSIVE;
				GCC_WARN_UNUSED_FUNCTION = YES;
				GCC_WARN_UNUSED_VARIABLE = YES;
				MACOSX_DEPLOYMENT_TARGET = 10.10;
				MTL_ENABLE_DEBUG_INFO = YES;
				ONLY_ACTIVE_ARCH = YES;
				SDKROOT = macosx;
			};
			name = Debug;
		};
		40B9A62C1A9524070062C693 /* Release */ = {
			isa = XCBuildConfiguration;
			buildSettings = {
				ALWAYS_SEARCH_USER_PATHS = NO;
				CLANG_CXX_LANGUAGE_STANDARD = "gnu++0x";
				CLANG_CXX_LIBRARY = "libc++";
				CLANG_ENABLE_MODULES = YES;
				CLANG_ENABLE_OBJC_ARC = YES;
				CLANG_WARN_BOOL_CONVERSION = YES;
				CLANG_WARN_CONSTANT_CONVERSION = YES;
				CLANG_WARN_DIRECT_OBJC_ISA_USAGE = YES_ERROR;
				CLANG_WARN_EMPTY_BODY = YES;
				CLANG_WARN_ENUM_CONVERSION = YES;
				CLANG_WARN_INT_CONVERSION = YES;
				CLANG_WARN_OBJC_ROOT_CLASS = YES_ERROR;
				CLANG_WARN_UNREACHABLE_CODE = YES;
				CLANG_WARN__DUPLICATE_METHOD_MATCH = YES;
				COPY_PHASE_STRIP = YES;
				DEBUG_INFORMATION_FORMAT = "dwarf-with-dsym";
				ENABLE_NS_ASSERTIONS = NO;
				ENABLE_STRICT_OBJC_MSGSEND = YES;
				GCC_C_LANGUAGE_STANDARD = gnu99;
				GCC_WARN_64_TO_32_BIT_CONVERSION = YES;
				GCC_WARN_ABOUT_RETURN_TYPE = YES_ERROR;
				GCC_WARN_UNDECLARED_SELECTOR = YES;
				GCC_WARN_UNINITIALIZED_AUTOS = YES_AGGRESSIVE;
				GCC_WARN_UNUSED_FUNCTION = YES;
				GCC_WARN_UNUSED_VARIABLE = YES;
				MACOSX_DEPLOYMENT_TARGET = 10.10;
				MTL_ENABLE_DEBUG_INFO = NO;
				SDKROOT = macosx;
			};
			name = Release;
		};
		40B9A62E1A9524070062C693 /* Debug */ = {
			isa = XCBuildConfiguration;
			buildSettings = {
				EXECUTABLE_PREFIX = lib;
				OTHER_LDFLAGS = "";
				PRODUCT_NAME = MogKit;
			};
			name = Debug;
		};
		40B9A62F1A9524070062C693 /* Release */ = {
			isa = XCBuildConfiguration;
			buildSettings = {
				EXECUTABLE_PREFIX = lib;
				OTHER_LDFLAGS = "";
				PRODUCT_NAME = MogKit;
			};
			name = Release;
		};
		40B9A6311A9524070062C693 /* Debug */ = {
			isa = XCBuildConfiguration;
			buildSettings = {
				COMBINE_HIDPI_IMAGES = YES;
				FRAMEWORK_SEARCH_PATHS = (
					"$(DEVELOPER_FRAMEWORKS_DIR)",
					"$(inherited)",
				);
				GCC_PREPROCESSOR_DEFINITIONS = (
					"DEBUG=1",
					"$(inherited)",
				);
				INFOPLIST_FILE = MogKitTests/Info.plist;
				LD_RUNPATH_SEARCH_PATHS = "$(inherited) @executable_path/../Frameworks @loader_path/../Frameworks";
				OTHER_LDFLAGS = (
					"$(OTHER_LDFLAGS)",
					"-ObjC",
				);
				PRODUCT_NAME = MogKitTests;
			};
			name = Debug;
		};
		40B9A6321A9524070062C693 /* Release */ = {
			isa = XCBuildConfiguration;
			buildSettings = {
				COMBINE_HIDPI_IMAGES = YES;
				FRAMEWORK_SEARCH_PATHS = (
					"$(DEVELOPER_FRAMEWORKS_DIR)",
					"$(inherited)",
				);
				INFOPLIST_FILE = MogKitTests/Info.plist;
				LD_RUNPATH_SEARCH_PATHS = "$(inherited) @executable_path/../Frameworks @loader_path/../Frameworks";
				OTHER_LDFLAGS = (
					"$(OTHER_LDFLAGS)",
					"-ObjC",
				);
				PRODUCT_NAME = MogKitTests;
			};
			name = Release;
		};
/* End XCBuildConfiguration section */

/* Begin XCConfigurationList section */
		40B9A6141A9524070062C693 /* Build configuration list for PBXProject "MogKit" */ = {
			isa = XCConfigurationList;
			buildConfigurations = (
				40B9A62B1A9524070062C693 /* Debug */,
				40B9A62C1A9524070062C693 /* Release */,
			);
			defaultConfigurationIsVisible = 0;
			defaultConfigurationName = Release;
		};
		40B9A62D1A9524070062C693 /* Build configuration list for PBXNativeTarget "MogKit" */ = {
			isa = XCConfigurationList;
			buildConfigurations = (
				40B9A62E1A9524070062C693 /* Debug */,
				40B9A62F1A9524070062C693 /* Release */,
			);
			defaultConfigurationIsVisible = 0;
			defaultConfigurationName = Release;
		};
		40B9A6301A9524070062C693 /* Build configuration list for PBXNativeTarget "MogKitTests" */ = {
			isa = XCConfigurationList;
			buildConfigurations = (
				40B9A6311A9524070062C693 /* Debug */,
				40B9A6321A9524070062C693 /* Release */,
			);
			defaultConfigurationIsVisible = 0;
			defaultConfigurationName = Release;
		};
/* End XCConfigurationList section */
	};
	rootObject = 40B9A6111A9524070062C693 /* Project object */;
}
